
Microsoft Visual Studio Solution File, Format Version 12.00
# Visual Studio Version 17
VisualStudioVersion = 17.5.33502.453
MinimumVisualStudioVersion = 10.0.40219.1
Project("{FAE04EC0-301F-11D3-BF4B-00C04F79EFBC}") = "TorreDeHanoi", "TorreDeHanoi\TorreDeHanoi.csproj", "{C6C638D3-06C2-43C5-80CC-7C08D8D7D543}"
EndProject
Global
	GlobalSection(SolutionConfigurationPlatforms) = preSolution
		Debug|Any CPU = Debug|Any CPU
		Release|Any CPU = Release|Any CPU
	EndGlobalSection
	GlobalSection(ProjectConfigurationPlatforms) = postSolution
		{C6C638D3-06C2-43C5-80CC-7C08D8D7D543}.Debug|Any CPU.ActiveCfg = Debug|Any CPU
		{C6C638D3-06C2-43C5-80CC-7C08D8D7D543}.Debug|Any CPU.Build.0 = Debug|Any CPU
		{C6C638D3-06C2-43C5-80CC-7C08D8D7D543}.Release|Any CPU.ActiveCfg = Release|Any CPU
		{C6C638D3-06C2-43C5-80CC-7C08D8D7D543}.Release|Any CPU.Build.0 = Release|Any CPU
	EndGlobalSection
	GlobalSection(SolutionProperties) = preSolution
		HideSolutionNode = FALSE
	EndGlobalSection
	GlobalSection(ExtensibilityGlobals) = postSolution
		SolutionGuid = {2A5DA69D-8BC2-45E8-B09A-66D6E2847A13}
	EndGlobalSection
EndGlobal
